
Microsoft Visual Studio Solution File, Format Version 12.00
# Visual Studio Version 17
VisualStudioVersion = 17.9.34728.123
MinimumVisualStudioVersion = 10.0.40219.1
Project("{FAE04EC0-301F-11D3-BF4B-00C04F79EFBC}") = "parse", "parse\parse.csproj", "{CE461D08-0DF7-4041-985B-87D2D986FA08}"
EndProject
Project("{FAE04EC0-301F-11D3-BF4B-00C04F79EFBC}") = "Calculator", "Calculator\Calculator.csproj", "{8C143AC3-5EB6-4A84-89F9-A3E744DA480D}"
EndProject
Global
	GlobalSection(SolutionConfigurationPlatforms) = preSolution
		Debug|Any CPU = Debug|Any CPU
		Release|Any CPU = Release|Any CPU
	EndGlobalSection
	GlobalSection(ProjectConfigurationPlatforms) = postSolution
		{CE461D08-0DF7-4041-985B-87D2D986FA08}.Debug|Any CPU.ActiveCfg = Debug|Any CPU
		{CE461D08-0DF7-4041-985B-87D2D986FA08}.Debug|Any CPU.Build.0 = Debug|Any CPU
		{CE461D08-0DF7-4041-985B-87D2D986FA08}.Release|Any CPU.ActiveCfg = Release|Any CPU
		{CE461D08-0DF7-4041-985B-87D2D986FA08}.Release|Any CPU.Build.0 = Release|Any CPU
		{8C143AC3-5EB6-4A84-89F9-A3E744DA480D}.Debug|Any CPU.ActiveCfg = Debug|Any CPU
		{8C143AC3-5EB6-4A84-89F9-A3E744DA480D}.Debug|Any CPU.Build.0 = Debug|Any CPU
		{8C143AC3-5EB6-4A84-89F9-A3E744DA480D}.Release|Any CPU.ActiveCfg = Release|Any CPU
		{8C143AC3-5EB6-4A84-89F9-A3E744DA480D}.Release|Any CPU.Build.0 = Release|Any CPU
	EndGlobalSection
	GlobalSection(SolutionProperties) = preSolution
		HideSolutionNode = FALSE
	EndGlobalSection
	GlobalSection(ExtensibilityGlobals) = postSolution
		SolutionGuid = {AE5A3CA8-53CB-4B97-A95C-C42F1769D07A}
	EndGlobalSection
EndGlobal
