
Microsoft Visual Studio Solution File, Format Version 12.00
# Visual Studio Version 17
VisualStudioVersion = 17.9.34728.123
MinimumVisualStudioVersion = 10.0.40219.1
Project("{FAE04EC0-301F-11D3-BF4B-00C04F79EFBC}") = "WarriorWars", "Warrior Wars\WarriorWars.csproj", "{E6DE16E8-AA18-4156-8DB3-C90A65DDD214}"
EndProject
Global
	GlobalSection(SolutionConfigurationPlatforms) = preSolution
		Debug|Any CPU = Debug|Any CPU
		Release|Any CPU = Release|Any CPU
	EndGlobalSection
	GlobalSection(ProjectConfigurationPlatforms) = postSolution
		{E6DE16E8-AA18-4156-8DB3-C90A65DDD214}.Debug|Any CPU.ActiveCfg = Debug|Any CPU
		{E6DE16E8-AA18-4156-8DB3-C90A65DDD214}.Debug|Any CPU.Build.0 = Debug|Any CPU
		{E6DE16E8-AA18-4156-8DB3-C90A65DDD214}.Release|Any CPU.ActiveCfg = Release|Any CPU
		{E6DE16E8-AA18-4156-8DB3-C90A65DDD214}.Release|Any CPU.Build.0 = Release|Any CPU
	EndGlobalSection
	GlobalSection(SolutionProperties) = preSolution
		HideSolutionNode = FALSE
	EndGlobalSection
	GlobalSection(ExtensibilityGlobals) = postSolution
		SolutionGuid = {3F8F8593-55E0-40EA-A2E2-F484F23F00F5}
	EndGlobalSection
EndGlobal
