
Microsoft Visual Studio Solution File, Format Version 12.00
# Visual Studio Version 17
VisualStudioVersion = 17.9.34728.123
MinimumVisualStudioVersion = 10.0.40219.1
Project("{FAE04EC0-301F-11D3-BF4B-00C04F79EFBC}") = "List", "List\List.csproj", "{3C38708E-5045-4132-B33E-14114A6590CF}"
EndProject
Global
	GlobalSection(SolutionConfigurationPlatforms) = preSolution
		Debug|Any CPU = Debug|Any CPU
		Release|Any CPU = Release|Any CPU
	EndGlobalSection
	GlobalSection(ProjectConfigurationPlatforms) = postSolution
		{3C38708E-5045-4132-B33E-14114A6590CF}.Debug|Any CPU.ActiveCfg = Debug|Any CPU
		{3C38708E-5045-4132-B33E-14114A6590CF}.Debug|Any CPU.Build.0 = Debug|Any CPU
		{3C38708E-5045-4132-B33E-14114A6590CF}.Release|Any CPU.ActiveCfg = Release|Any CPU
		{3C38708E-5045-4132-B33E-14114A6590CF}.Release|Any CPU.Build.0 = Release|Any CPU
	EndGlobalSection
	GlobalSection(SolutionProperties) = preSolution
		HideSolutionNode = FALSE
	EndGlobalSection
	GlobalSection(ExtensibilityGlobals) = postSolution
		SolutionGuid = {AE1095EE-544F-4E9B-AC0C-0FC55C2D195B}
	EndGlobalSection
EndGlobal
